// !$*UTF8*$!
{
	archiveVersion = 1;
	classes = {
	};
	objectVersion = 46;
	objects = {

/* Begin PBXBuildFile section */
		0B5D6CB61C0D35BB00E91A61 /* Localizable.strings in Resources */ = {isa = PBXBuildFile; fileRef = 0B5D6CB81C0D35BB00E91A61 /* Localizable.strings */; };
		0B5D6CC21C0EE34500E91A61 /* Info.plist in Resources */ = {isa = PBXBuildFile; fileRef = 0B5D6CBF1C0EE0DA00E91A61 /* Info.plist */; };
		0B5D6CC51C0EE66600E91A61 /* InfoPlist.strings in Resources */ = {isa = PBXBuildFile; fileRef = 0B5D6CC71C0EE66600E91A61 /* InfoPlist.strings */; };
		500EF0EE1BD0C9330042B11C /* AppDelegate.swift in Sources */ = {isa = PBXBuildFile; fileRef = 500EF0ED1BD0C9330042B11C /* AppDelegate.swift */; };
		500EF0F01BD0C9330042B11C /* ViewController.swift in Sources */ = {isa = PBXBuildFile; fileRef = 500EF0EF1BD0C9330042B11C /* ViewController.swift */; };
		500EF0F31BD0C9330042B11C /* Main.storyboard in Resources */ = {isa = PBXBuildFile; fileRef = 500EF0F11BD0C9330042B11C /* Main.storyboard */; };
		500EF0F51BD0C9330042B11C /* Images.xcassets in Resources */ = {isa = PBXBuildFile; fileRef = 500EF0F41BD0C9330042B11C /* Images.xcassets */; };
		500EF0F81BD0C9330042B11C /* LaunchScreen.xib in Resources */ = {isa = PBXBuildFile; fileRef = 500EF0F61BD0C9330042B11C /* LaunchScreen.xib */; };
		500EF1041BD0C9340042B11C /* eyerecTests.swift in Sources */ = {isa = PBXBuildFile; fileRef = 500EF1031BD0C9340042B11C /* eyerecTests.swift */; };
		507059A11BE1FD1200322CFC /* CoreGraphics.framework in Frameworks */ = {isa = PBXBuildFile; fileRef = 507059A01BE1FD1200322CFC /* CoreGraphics.framework */; };
		507059A31BE1FE9A00322CFC /* QuartzCore.framework in Frameworks */ = {isa = PBXBuildFile; fileRef = 507059A21BE1FE9A00322CFC /* QuartzCore.framework */; };
		508221211BD471F7002D3E57 /* GPUImage.framework in Frameworks */ = {isa = PBXBuildFile; fileRef = 508221201BD471F7002D3E57 /* GPUImage.framework */; };
		508221251BD47281002D3E57 /* ImageProcessing.swift in Sources */ = {isa = PBXBuildFile; fileRef = 508221241BD47281002D3E57 /* ImageProcessing.swift */; };
		508221281BD47EF4002D3E57 /* AssetsLibrary.framework in Frameworks */ = {isa = PBXBuildFile; fileRef = 508221261BD47EF4002D3E57 /* AssetsLibrary.framework */; };
		508221291BD47EF4002D3E57 /* AVFoundation.framework in Frameworks */ = {isa = PBXBuildFile; fileRef = 508221271BD47EF4002D3E57 /* AVFoundation.framework */; };
		50A4EB951BD71A2D00191B26 /* LowPassMoveFilter.fsh in Resources */ = {isa = PBXBuildFile; fileRef = 50A4EB941BD71A2D00191B26 /* LowPassMoveFilter.fsh */; };
		50A4EB9C1BD72E9800191B26 /* LowPassMoveFilter.swift in Sources */ = {isa = PBXBuildFile; fileRef = 50A4EB9B1BD72E9800191B26 /* LowPassMoveFilter.swift */; };
		50C77A251C06900500DB5642 /* iAd.framework in Frameworks */ = {isa = PBXBuildFile; fileRef = 50C77A241C06900500DB5642 /* iAd.framework */; };
		50D4274B1BE04DC1003FF7DE /* Stereogram.swift in Sources */ = {isa = PBXBuildFile; fileRef = 50D4274A1BE04DC1003FF7DE /* Stereogram.swift */; };
		5A1105601F4A861C007B606B /* AdSupport.framework in Frameworks */ = {isa = PBXBuildFile; fileRef = 5A1105571F4A861C007B606B /* AdSupport.framework */; };
		5A1105611F4A861C007B606B /* AudioToolbox.framework in Frameworks */ = {isa = PBXBuildFile; fileRef = 5A1105581F4A861C007B606B /* AudioToolbox.framework */; };
		5A1105621F4A861C007B606B /* CoreMedia.framework in Frameworks */ = {isa = PBXBuildFile; fileRef = 5A1105591F4A861C007B606B /* CoreMedia.framework */; };
		5A1105631F4A861C007B606B /* CoreTelephony.framework in Frameworks */ = {isa = PBXBuildFile; fileRef = 5A11055A1F4A861C007B606B /* CoreTelephony.framework */; };
		5A1105641F4A861C007B606B /* EventKit.framework in Frameworks */ = {isa = PBXBuildFile; fileRef = 5A11055B1F4A861C007B606B /* EventKit.framework */; };
		5A1105651F4A861C007B606B /* EventKitUI.framework in Frameworks */ = {isa = PBXBuildFile; fileRef = 5A11055C1F4A861C007B606B /* EventKitUI.framework */; };
		5A1105661F4A861C007B606B /* MessageUI.framework in Frameworks */ = {isa = PBXBuildFile; fileRef = 5A11055D1F4A861C007B606B /* MessageUI.framework */; };
		5A1105671F4A861C007B606B /* StoreKit.framework in Frameworks */ = {isa = PBXBuildFile; fileRef = 5A11055E1F4A861C007B606B /* StoreKit.framework */; };
		5A1105681F4A861C007B606B /* SystemConfiguration.framework in Frameworks */ = {isa = PBXBuildFile; fileRef = 5A11055F1F4A861C007B606B /* SystemConfiguration.framework */; };
		5A11056C1F4A8786007B606B /* GoogleMobileAds.framework in Frameworks */ = {isa = PBXBuildFile; fileRef = 5A11056B1F4A8786007B606B /* GoogleMobileAds.framework */; };
/* End PBXBuildFile section */

/* Begin PBXContainerItemProxy section */
		500EF0FE1BD0C9340042B11C /* PBXContainerItemProxy */ = {
			isa = PBXContainerItemProxy;
			containerPortal = 500EF0E01BD0C9330042B11C /* Project object */;
			proxyType = 1;
			remoteGlobalIDString = 500EF0E71BD0C9330042B11C;
			remoteInfo = eyerec;
		};
/* End PBXContainerItemProxy section */

/* Begin PBXFileReference section */
		0B5D6CB21C0D33BC00E91A61 /* ja */ = {isa = PBXFileReference; lastKnownFileType = text.plist.strings; name = ja; path = ja.lproj/Main.strings; sourceTree = "<group>"; };
		0B5D6CB31C0D33BC00E91A61 /* ja */ = {isa = PBXFileReference; lastKnownFileType = text.plist.strings; name = ja; path = ja.lproj/LaunchScreen.strings; sourceTree = "<group>"; };
		0B5D6CB71C0D35BB00E91A61 /* Base */ = {isa = PBXFileReference; fileEncoding = 10; lastKnownFileType = text.plist.strings; name = Base; path = Base.lproj/Localizable.strings; sourceTree = "<group>"; };
		0B5D6CB91C0D362000E91A61 /* ja */ = {isa = PBXFileReference; fileEncoding = 10; lastKnownFileType = text.plist.strings; name = ja; path = ja.lproj/Localizable.strings; sourceTree = "<group>"; };
		0B5D6CBA1C0E7E8A00E91A61 /* ja-JP */ = {isa = PBXFileReference; lastKnownFileType = text.plist.strings; name = "ja-JP"; path = "ja-JP.lproj/Main.strings"; sourceTree = "<group>"; };
		0B5D6CBB1C0E7E8A00E91A61 /* ja-JP */ = {isa = PBXFileReference; lastKnownFileType = text.plist.strings; name = "ja-JP"; path = "ja-JP.lproj/LaunchScreen.strings"; sourceTree = "<group>"; };
		0B5D6CBC1C0E7E8B00E91A61 /* ja-JP */ = {isa = PBXFileReference; fileEncoding = 10; lastKnownFileType = text.plist.strings; name = "ja-JP"; path = "ja-JP.lproj/Localizable.strings"; sourceTree = "<group>"; };
		0B5D6CBE1C0EE0DA00E91A61 /* Base */ = {isa = PBXFileReference; lastKnownFileType = text.plist.xml; name = Base; path = Base.lproj/Info.plist; sourceTree = "<group>"; };
		0B5D6CC61C0EE66600E91A61 /* Base */ = {isa = PBXFileReference; lastKnownFileType = text.plist.strings; name = Base; path = Base.lproj/InfoPlist.strings; sourceTree = "<group>"; };
		0B5D6CC81C0EE66A00E91A61 /* ja */ = {isa = PBXFileReference; lastKnownFileType = text.plist.strings; name = ja; path = ja.lproj/InfoPlist.strings; sourceTree = "<group>"; };
		0B5D6CC91C0EE66C00E91A61 /* ja-JP */ = {isa = PBXFileReference; lastKnownFileType = text.plist.strings; name = "ja-JP"; path = "ja-JP.lproj/InfoPlist.strings"; sourceTree = "<group>"; };
		500EF0E81BD0C9330042B11C /* eyerec.app */ = {isa = PBXFileReference; explicitFileType = wrapper.application; includeInIndex = 0; path = eyerec.app; sourceTree = BUILT_PRODUCTS_DIR; };
		500EF0ED1BD0C9330042B11C /* AppDelegate.swift */ = {isa = PBXFileReference; lastKnownFileType = sourcecode.swift; path = AppDelegate.swift; sourceTree = "<group>"; };
		500EF0EF1BD0C9330042B11C /* ViewController.swift */ = {isa = PBXFileReference; lastKnownFileType = sourcecode.swift; path = ViewController.swift; sourceTree = "<group>"; };
		500EF0F21BD0C9330042B11C /* Base */ = {isa = PBXFileReference; lastKnownFileType = file.storyboard; name = Base; path = Base.lproj/Main.storyboard; sourceTree = "<group>"; };
		500EF0F41BD0C9330042B11C /* Images.xcassets */ = {isa = PBXFileReference; lastKnownFileType = folder.assetcatalog; path = Images.xcassets; sourceTree = "<group>"; };
		500EF0F71BD0C9330042B11C /* Base */ = {isa = PBXFileReference; lastKnownFileType = file.xib; name = Base; path = Base.lproj/LaunchScreen.xib; sourceTree = "<group>"; };
		500EF0FD1BD0C9340042B11C /* eyerecTests.xctest */ = {isa = PBXFileReference; explicitFileType = wrapper.cfbundle; includeInIndex = 0; path = eyerecTests.xctest; sourceTree = BUILT_PRODUCTS_DIR; };
		500EF1021BD0C9340042B11C /* Info.plist */ = {isa = PBXFileReference; lastKnownFileType = text.plist.xml; path = Info.plist; sourceTree = "<group>"; };
		500EF1031BD0C9340042B11C /* eyerecTests.swift */ = {isa = PBXFileReference; lastKnownFileType = sourcecode.swift; path = eyerecTests.swift; sourceTree = "<group>"; };
		507059A01BE1FD1200322CFC /* CoreGraphics.framework */ = {isa = PBXFileReference; lastKnownFileType = wrapper.framework; name = CoreGraphics.framework; path = System/Library/Frameworks/CoreGraphics.framework; sourceTree = SDKROOT; };
		507059A21BE1FE9A00322CFC /* QuartzCore.framework */ = {isa = PBXFileReference; lastKnownFileType = wrapper.framework; name = QuartzCore.framework; path = System/Library/Frameworks/QuartzCore.framework; sourceTree = SDKROOT; };
		508221201BD471F7002D3E57 /* GPUImage.framework */ = {isa = PBXFileReference; lastKnownFileType = wrapper.framework; name = GPUImage.framework; path = Carthage/Build/iOS/GPUImage.framework; sourceTree = "<group>"; };
		508221241BD47281002D3E57 /* ImageProcessing.swift */ = {isa = PBXFileReference; fileEncoding = 4; lastKnownFileType = sourcecode.swift; path = ImageProcessing.swift; sourceTree = "<group>"; };
		508221261BD47EF4002D3E57 /* AssetsLibrary.framework */ = {isa = PBXFileReference; lastKnownFileType = wrapper.framework; name = AssetsLibrary.framework; path = System/Library/Frameworks/AssetsLibrary.framework; sourceTree = SDKROOT; };
		508221271BD47EF4002D3E57 /* AVFoundation.framework */ = {isa = PBXFileReference; lastKnownFileType = wrapper.framework; name = AVFoundation.framework; path = System/Library/Frameworks/AVFoundation.framework; sourceTree = SDKROOT; };
		50A4EB941BD71A2D00191B26 /* LowPassMoveFilter.fsh */ = {isa = PBXFileReference; explicitFileType = sourcecode.glsl; fileEncoding = 4; path = LowPassMoveFilter.fsh; sourceTree = "<group>"; };
		50A4EB961BD72B2900191B26 /* ObjCBridge.h */ = {isa = PBXFileReference; lastKnownFileType = sourcecode.c.h; path = ObjCBridge.h; sourceTree = "<group>"; };
		50A4EB9B1BD72E9800191B26 /* LowPassMoveFilter.swift */ = {isa = PBXFileReference; fileEncoding = 4; lastKnownFileType = sourcecode.swift; path = LowPassMoveFilter.swift; sourceTree = "<group>"; };
		50C77A241C06900500DB5642 /* iAd.framework */ = {isa = PBXFileReference; lastKnownFileType = wrapper.framework; name = iAd.framework; path = System/Library/Frameworks/iAd.framework; sourceTree = SDKROOT; };
		50D4274A1BE04DC1003FF7DE /* Stereogram.swift */ = {isa = PBXFileReference; fileEncoding = 4; lastKnownFileType = sourcecode.swift; path = Stereogram.swift; sourceTree = "<group>"; };
		5A1105571F4A861C007B606B /* AdSupport.framework */ = {isa = PBXFileReference; lastKnownFileType = wrapper.framework; name = AdSupport.framework; path = System/Library/Frameworks/AdSupport.framework; sourceTree = SDKROOT; };
		5A1105581F4A861C007B606B /* AudioToolbox.framework */ = {isa = PBXFileReference; lastKnownFileType = wrapper.framework; name = AudioToolbox.framework; path = System/Library/Frameworks/AudioToolbox.framework; sourceTree = SDKROOT; };
		5A1105591F4A861C007B606B /* CoreMedia.framework */ = {isa = PBXFileReference; lastKnownFileType = wrapper.framework; name = CoreMedia.framework; path = System/Library/Frameworks/CoreMedia.framework; sourceTree = SDKROOT; };
		5A11055A1F4A861C007B606B /* CoreTelephony.framework */ = {isa = PBXFileReference; lastKnownFileType = wrapper.framework; name = CoreTelephony.framework; path = System/Library/Frameworks/CoreTelephony.framework; sourceTree = SDKROOT; };
		5A11055B1F4A861C007B606B /* EventKit.framework */ = {isa = PBXFileReference; lastKnownFileType = wrapper.framework; name = EventKit.framework; path = System/Library/Frameworks/EventKit.framework; sourceTree = SDKROOT; };
		5A11055C1F4A861C007B606B /* EventKitUI.framework */ = {isa = PBXFileReference; lastKnownFileType = wrapper.framework; name = EventKitUI.framework; path = System/Library/Frameworks/EventKitUI.framework; sourceTree = SDKROOT; };
		5A11055D1F4A861C007B606B /* MessageUI.framework */ = {isa = PBXFileReference; lastKnownFileType = wrapper.framework; name = MessageUI.framework; path = System/Library/Frameworks/MessageUI.framework; sourceTree = SDKROOT; };
		5A11055E1F4A861C007B606B /* StoreKit.framework */ = {isa = PBXFileReference; lastKnownFileType = wrapper.framework; name = StoreKit.framework; path = System/Library/Frameworks/StoreKit.framework; sourceTree = SDKROOT; };
		5A11055F1F4A861C007B606B /* SystemConfiguration.framework */ = {isa = PBXFileReference; lastKnownFileType = wrapper.framework; name = SystemConfiguration.framework; path = System/Library/Frameworks/SystemConfiguration.framework; sourceTree = SDKROOT; };
		5A11056B1F4A8786007B606B /* GoogleMobileAds.framework */ = {isa = PBXFileReference; lastKnownFileType = wrapper.framework; path = GoogleMobileAds.framework; sourceTree = "<group>"; };
/* End PBXFileReference section */

/* Begin PBXFrameworksBuildPhase section */
		500EF0E51BD0C9330042B11C /* Frameworks */ = {
			isa = PBXFrameworksBuildPhase;
			buildActionMask = 2147483647;
			files = (
				5A11056C1F4A8786007B606B /* GoogleMobileAds.framework in Frameworks */,
				5A1105601F4A861C007B606B /* AdSupport.framework in Frameworks */,
				5A1105611F4A861C007B606B /* AudioToolbox.framework in Frameworks */,
				5A1105621F4A861C007B606B /* CoreMedia.framework in Frameworks */,
				5A1105631F4A861C007B606B /* CoreTelephony.framework in Frameworks */,
				5A1105641F4A861C007B606B /* EventKit.framework in Frameworks */,
				5A1105651F4A861C007B606B /* EventKitUI.framework in Frameworks */,
				5A1105661F4A861C007B606B /* MessageUI.framework in Frameworks */,
				5A1105671F4A861C007B606B /* StoreKit.framework in Frameworks */,
				5A1105681F4A861C007B606B /* SystemConfiguration.framework in Frameworks */,
				508221291BD47EF4002D3E57 /* AVFoundation.framework in Frameworks */,
				507059A11BE1FD1200322CFC /* CoreGraphics.framework in Frameworks */,
				50C77A251C06900500DB5642 /* iAd.framework in Frameworks */,
				507059A31BE1FE9A00322CFC /* QuartzCore.framework in Frameworks */,
				508221281BD47EF4002D3E57 /* AssetsLibrary.framework in Frameworks */,
				508221211BD471F7002D3E57 /* GPUImage.framework in Frameworks */,
			);
			runOnlyForDeploymentPostprocessing = 0;
		};
		500EF0FA1BD0C9340042B11C /* Frameworks */ = {
			isa = PBXFrameworksBuildPhase;
			buildActionMask = 2147483647;
			files = (
			);
			runOnlyForDeploymentPostprocessing = 0;
		};
/* End PBXFrameworksBuildPhase section */

/* Begin PBXGroup section */
		500EF0DF1BD0C9330042B11C = {
			isa = PBXGroup;
			children = (
				500EF0EA1BD0C9330042B11C /* eyerec */,
				500EF1001BD0C9340042B11C /* eyerecTests */,
				500EF0E91BD0C9330042B11C /* Products */,
				508221221BD471FE002D3E57 /* Frameworks */,
				50A4EB931BD7120E00191B26 /* Shaders */,
			);
			sourceTree = "<group>";
		};
		500EF0E91BD0C9330042B11C /* Products */ = {
			isa = PBXGroup;
			children = (
				500EF0E81BD0C9330042B11C /* eyerec.app */,
				500EF0FD1BD0C9340042B11C /* eyerecTests.xctest */,
			);
			name = Products;
			sourceTree = "<group>";
		};
		500EF0EA1BD0C9330042B11C /* eyerec */ = {
			isa = PBXGroup;
			children = (
				500EF0ED1BD0C9330042B11C /* AppDelegate.swift */,
				500EF0EF1BD0C9330042B11C /* ViewController.swift */,
				50D4274A1BE04DC1003FF7DE /* Stereogram.swift */,
				508221241BD47281002D3E57 /* ImageProcessing.swift */,
				500EF0F11BD0C9330042B11C /* Main.storyboard */,
				500EF0F41BD0C9330042B11C /* Images.xcassets */,
				500EF0F61BD0C9330042B11C /* LaunchScreen.xib */,
				500EF0EB1BD0C9330042B11C /* Supporting Files */,
				50A4EB961BD72B2900191B26 /* ObjCBridge.h */,
			);
			path = eyerec;
			sourceTree = "<group>";
		};
		500EF0EB1BD0C9330042B11C /* Supporting Files */ = {
			isa = PBXGroup;
			children = (
				0B5D6CB81C0D35BB00E91A61 /* Localizable.strings */,
				0B5D6CBF1C0EE0DA00E91A61 /* Info.plist */,
				0B5D6CC71C0EE66600E91A61 /* InfoPlist.strings */,
			);
			name = "Supporting Files";
			sourceTree = "<group>";
		};
		500EF1001BD0C9340042B11C /* eyerecTests */ = {
			isa = PBXGroup;
			children = (
				500EF1031BD0C9340042B11C /* eyerecTests.swift */,
				500EF1011BD0C9340042B11C /* Supporting Files */,
			);
			path = eyerecTests;
			sourceTree = "<group>";
		};
		500EF1011BD0C9340042B11C /* Supporting Files */ = {
			isa = PBXGroup;
			children = (
				500EF1021BD0C9340042B11C /* Info.plist */,
			);
			name = "Supporting Files";
			sourceTree = "<group>";
		};
		508221221BD471FE002D3E57 /* Frameworks */ = {
			isa = PBXGroup;
			children = (
				5A11056B1F4A8786007B606B /* GoogleMobileAds.framework */,
				5A1105571F4A861C007B606B /* AdSupport.framework */,
				5A1105581F4A861C007B606B /* AudioToolbox.framework */,
				5A1105591F4A861C007B606B /* CoreMedia.framework */,
				5A11055A1F4A861C007B606B /* CoreTelephony.framework */,
				5A11055B1F4A861C007B606B /* EventKit.framework */,
				5A11055C1F4A861C007B606B /* EventKitUI.framework */,
				5A11055D1F4A861C007B606B /* MessageUI.framework */,
				5A11055E1F4A861C007B606B /* StoreKit.framework */,
				5A11055F1F4A861C007B606B /* SystemConfiguration.framework */,
				50C77A241C06900500DB5642 /* iAd.framework */,
				507059A21BE1FE9A00322CFC /* QuartzCore.framework */,
				507059A01BE1FD1200322CFC /* CoreGraphics.framework */,
				508221261BD47EF4002D3E57 /* AssetsLibrary.framework */,
				508221271BD47EF4002D3E57 /* AVFoundation.framework */,
				508221201BD471F7002D3E57 /* GPUImage.framework */,
			);
			name = Frameworks;
			sourceTree = "<group>";
		};
		50A4EB931BD7120E00191B26 /* Shaders */ = {
			isa = PBXGroup;
			children = (
				50A4EB941BD71A2D00191B26 /* LowPassMoveFilter.fsh */,
				50A4EB9B1BD72E9800191B26 /* LowPassMoveFilter.swift */,
			);
			name = Shaders;
			sourceTree = "<group>";
		};
/* End PBXGroup section */

/* Begin PBXNativeTarget section */
		500EF0E71BD0C9330042B11C /* eyerec */ = {
			isa = PBXNativeTarget;
			buildConfigurationList = 500EF1071BD0C9340042B11C /* Build configuration list for PBXNativeTarget "eyerec" */;
			buildPhases = (
				500EF0E41BD0C9330042B11C /* Sources */,
				500EF0E51BD0C9330042B11C /* Frameworks */,
				500EF0E61BD0C9330042B11C /* Resources */,
				508221231BD4722F002D3E57 /* ShellScript */,
			);
			buildRules = (
			);
			dependencies = (
			);
			name = eyerec;
			productName = eyerec;
			productReference = 500EF0E81BD0C9330042B11C /* eyerec.app */;
			productType = "com.apple.product-type.application";
		};
		500EF0FC1BD0C9340042B11C /* eyerecTests */ = {
			isa = PBXNativeTarget;
			buildConfigurationList = 500EF10A1BD0C9340042B11C /* Build configuration list for PBXNativeTarget "eyerecTests" */;
			buildPhases = (
				500EF0F91BD0C9340042B11C /* Sources */,
				500EF0FA1BD0C9340042B11C /* Frameworks */,
				500EF0FB1BD0C9340042B11C /* Resources */,
			);
			buildRules = (
			);
			dependencies = (
				500EF0FF1BD0C9340042B11C /* PBXTargetDependency */,
			);
			name = eyerecTests;
			productName = eyerecTests;
			productReference = 500EF0FD1BD0C9340042B11C /* eyerecTests.xctest */;
			productType = "com.apple.product-type.bundle.unit-test";
		};
/* End PBXNativeTarget section */

/* Begin PBXProject section */
		500EF0E01BD0C9330042B11C /* Project object */ = {
			isa = PBXProject;
			attributes = {
				LastSwiftMigration = 0710;
				LastSwiftUpdateCheck = 0710;
				LastUpgradeCheck = 0810;
				ORGANIZATIONNAME = ogataiki;
				TargetAttributes = {
					500EF0E71BD0C9330042B11C = {
						CreatedOnToolsVersion = 6.3.1;
						DevelopmentTeam = CPGTRG2F88;
						LastSwiftMigration = 0810;
						ProvisioningStyle = Automatic;
					};
					500EF0FC1BD0C9340042B11C = {
						CreatedOnToolsVersion = 6.3.1;
						LastSwiftMigration = 0810;
						TestTargetID = 500EF0E71BD0C9330042B11C;
					};
				};
			};
			buildConfigurationList = 500EF0E31BD0C9330042B11C /* Build configuration list for PBXProject "eyerec" */;
			compatibilityVersion = "Xcode 3.2";
			developmentRegion = English;
			hasScannedForEncodings = 0;
			knownRegions = (
				en,
				Base,
				ja,
				"ja-JP",
			);
			mainGroup = 500EF0DF1BD0C9330042B11C;
			productRefGroup = 500EF0E91BD0C9330042B11C /* Products */;
			projectDirPath = "";
			projectRoot = "";
			targets = (
				500EF0E71BD0C9330042B11C /* eyerec */,
				500EF0FC1BD0C9340042B11C /* eyerecTests */,
			);
		};
/* End PBXProject section */

/* Begin PBXResourcesBuildPhase section */
		500EF0E61BD0C9330042B11C /* Resources */ = {
			isa = PBXResourcesBuildPhase;
			buildActionMask = 2147483647;
			files = (
				500EF0F31BD0C9330042B11C /* Main.storyboard in Resources */,
				0B5D6CC51C0EE66600E91A61 /* InfoPlist.strings in Resources */,
				500EF0F81BD0C9330042B11C /* LaunchScreen.xib in Resources */,
				0B5D6CC21C0EE34500E91A61 /* Info.plist in Resources */,
				50A4EB951BD71A2D00191B26 /* LowPassMoveFilter.fsh in Resources */,
				500EF0F51BD0C9330042B11C /* Images.xcassets in Resources */,
				0B5D6CB61C0D35BB00E91A61 /* Localizable.strings in Resources */,
			);
			runOnlyForDeploymentPostprocessing = 0;
		};
		500EF0FB1BD0C9340042B11C /* Resources */ = {
			isa = PBXResourcesBuildPhase;
			buildActionMask = 2147483647;
			files = (
			);
			runOnlyForDeploymentPostprocessing = 0;
		};
/* End PBXResourcesBuildPhase section */

/* Begin PBXShellScriptBuildPhase section */
		508221231BD4722F002D3E57 /* ShellScript */ = {
			isa = PBXShellScriptBuildPhase;
			buildActionMask = 2147483647;
			files = (
			);
			inputPaths = (
				"$(SRCROOT)/Carthage/Build/iOS/GPUImage.framework",
			);
			outputPaths = (
			);
			runOnlyForDeploymentPostprocessing = 0;
			shellPath = /bin/sh;
			shellScript = "/usr/local/bin/carthage copy-frameworks";
		};
/* End PBXShellScriptBuildPhase section */

/* Begin PBXSourcesBuildPhase section */
		500EF0E41BD0C9330042B11C /* Sources */ = {
			isa = PBXSourcesBuildPhase;
			buildActionMask = 2147483647;
			files = (
				50A4EB9C1BD72E9800191B26 /* LowPassMoveFilter.swift in Sources */,
				500EF0F01BD0C9330042B11C /* ViewController.swift in Sources */,
				500EF0EE1BD0C9330042B11C /* AppDelegate.swift in Sources */,
				508221251BD47281002D3E57 /* ImageProcessing.swift in Sources */,
				50D4274B1BE04DC1003FF7DE /* Stereogram.swift in Sources */,
			);
			runOnlyForDeploymentPostprocessing = 0;
		};
		500EF0F91BD0C9340042B11C /* Sources */ = {
			isa = PBXSourcesBuildPhase;
			buildActionMask = 2147483647;
			files = (
				500EF1041BD0C9340042B11C /* eyerecTests.swift in Sources */,
			);
			runOnlyForDeploymentPostprocessing = 0;
		};
/* End PBXSourcesBuildPhase section */

/* Begin PBXTargetDependency section */
		500EF0FF1BD0C9340042B11C /* PBXTargetDependency */ = {
			isa = PBXTargetDependency;
			target = 500EF0E71BD0C9330042B11C /* eyerec */;
			targetProxy = 500EF0FE1BD0C9340042B11C /* PBXContainerItemProxy */;
		};
/* End PBXTargetDependency section */

/* Begin PBXVariantGroup section */
		0B5D6CB81C0D35BB00E91A61 /* Localizable.strings */ = {
			isa = PBXVariantGroup;
			children = (
				0B5D6CB71C0D35BB00E91A61 /* Base */,
				0B5D6CB91C0D362000E91A61 /* ja */,
				0B5D6CBC1C0E7E8B00E91A61 /* ja-JP */,
			);
			name = Localizable.strings;
			sourceTree = "<group>";
		};
		0B5D6CBF1C0EE0DA00E91A61 /* Info.plist */ = {
			isa = PBXVariantGroup;
			children = (
				0B5D6CBE1C0EE0DA00E91A61 /* Base */,
			);
			name = Info.plist;
			sourceTree = "<group>";
		};
		0B5D6CC71C0EE66600E91A61 /* InfoPlist.strings */ = {
			isa = PBXVariantGroup;
			children = (
				0B5D6CC61C0EE66600E91A61 /* Base */,
				0B5D6CC81C0EE66A00E91A61 /* ja */,
				0B5D6CC91C0EE66C00E91A61 /* ja-JP */,
			);
			name = InfoPlist.strings;
			sourceTree = "<group>";
		};
		500EF0F11BD0C9330042B11C /* Main.storyboard */ = {
			isa = PBXVariantGroup;
			children = (
				500EF0F21BD0C9330042B11C /* Base */,
				0B5D6CB21C0D33BC00E91A61 /* ja */,
				0B5D6CBA1C0E7E8A00E91A61 /* ja-JP */,
			);
			name = Main.storyboard;
			sourceTree = "<group>";
		};
		500EF0F61BD0C9330042B11C /* LaunchScreen.xib */ = {
			isa = PBXVariantGroup;
			children = (
				500EF0F71BD0C9330042B11C /* Base */,
				0B5D6CB31C0D33BC00E91A61 /* ja */,
				0B5D6CBB1C0E7E8A00E91A61 /* ja-JP */,
			);
			name = LaunchScreen.xib;
			sourceTree = "<group>";
		};
/* End PBXVariantGroup section */

/* Begin XCBuildConfiguration section */
		500EF1051BD0C9340042B11C /* Debug */ = {
			isa = XCBuildConfiguration;
			buildSettings = {
				ALWAYS_SEARCH_USER_PATHS = NO;
				CLANG_ANALYZER_LOCALIZABILITY_NONLOCALIZED = YES;
				CLANG_CXX_LANGUAGE_STANDARD = "gnu++0x";
				CLANG_CXX_LIBRARY = "libc++";
				CLANG_ENABLE_MODULES = YES;
				CLANG_ENABLE_OBJC_ARC = YES;
				CLANG_WARN_BOOL_CONVERSION = YES;
				CLANG_WARN_CONSTANT_CONVERSION = YES;
				CLANG_WARN_DIRECT_OBJC_ISA_USAGE = YES_ERROR;
				CLANG_WARN_EMPTY_BODY = YES;
				CLANG_WARN_ENUM_CONVERSION = YES;
				CLANG_WARN_INFINITE_RECURSION = YES;
				CLANG_WARN_INT_CONVERSION = YES;
				CLANG_WARN_OBJC_ROOT_CLASS = YES_ERROR;
				CLANG_WARN_SUSPICIOUS_MOVE = YES;
				CLANG_WARN_UNREACHABLE_CODE = YES;
				CLANG_WARN__DUPLICATE_METHOD_MATCH = YES;
				"CODE_SIGN_IDENTITY[sdk=iphoneos*]" = "iPhone Developer";
				COPY_PHASE_STRIP = NO;
				DEBUG_INFORMATION_FORMAT = "dwarf-with-dsym";
				ENABLE_STRICT_OBJC_MSGSEND = YES;
				ENABLE_TESTABILITY = YES;
				GCC_C_LANGUAGE_STANDARD = gnu99;
				GCC_DYNAMIC_NO_PIC = NO;
				GCC_NO_COMMON_BLOCKS = YES;
				GCC_OPTIMIZATION_LEVEL = 0;
				GCC_PREPROCESSOR_DEFINITIONS = (
					"DEBUG=1",
					"$(inherited)",
				);
				GCC_SYMBOLS_PRIVATE_EXTERN = NO;
				GCC_WARN_64_TO_32_BIT_CONVERSION = YES;
				GCC_WARN_ABOUT_RETURN_TYPE = YES_ERROR;
				GCC_WARN_UNDECLARED_SELECTOR = YES;
				GCC_WARN_UNINITIALIZED_AUTOS = YES_AGGRESSIVE;
				GCC_WARN_UNUSED_FUNCTION = YES;
				GCC_WARN_UNUSED_VARIABLE = YES;
				IPHONEOS_DEPLOYMENT_TARGET = 8.3;
				MTL_ENABLE_DEBUG_INFO = YES;
				ONLY_ACTIVE_ARCH = YES;
				SDKROOT = iphoneos;
				SWIFT_OPTIMIZATION_LEVEL = "-Onone";
				TARGETED_DEVICE_FAMILY = "1,2";
			};
			name = Debug;
		};
		500EF1061BD0C9340042B11C /* Release */ = {
			isa = XCBuildConfiguration;
			buildSettings = {
				ALWAYS_SEARCH_USER_PATHS = NO;
				CLANG_ANALYZER_LOCALIZABILITY_NONLOCALIZED = YES;
				CLANG_CXX_LANGUAGE_STANDARD = "gnu++0x";
				CLANG_CXX_LIBRARY = "libc++";
				CLANG_ENABLE_MODULES = YES;
				CLANG_ENABLE_OBJC_ARC = YES;
				CLANG_WARN_BOOL_CONVERSION = YES;
				CLANG_WARN_CONSTANT_CONVERSION = YES;
				CLANG_WARN_DIRECT_OBJC_ISA_USAGE = YES_ERROR;
				CLANG_WARN_EMPTY_BODY = YES;
				CLANG_WARN_ENUM_CONVERSION = YES;
				CLANG_WARN_INFINITE_RECURSION = YES;
				CLANG_WARN_INT_CONVERSION = YES;
				CLANG_WARN_OBJC_ROOT_CLASS = YES_ERROR;
				CLANG_WARN_SUSPICIOUS_MOVE = YES;
				CLANG_WARN_UNREACHABLE_CODE = YES;
				CLANG_WARN__DUPLICATE_METHOD_MATCH = YES;
				"CODE_SIGN_IDENTITY[sdk=iphoneos*]" = "iPhone Developer";
				COPY_PHASE_STRIP = NO;
				DEBUG_INFORMATION_FORMAT = "dwarf-with-dsym";
				ENABLE_NS_ASSERTIONS = NO;
				ENABLE_STRICT_OBJC_MSGSEND = YES;
				GCC_C_LANGUAGE_STANDARD = gnu99;
				GCC_NO_COMMON_BLOCKS = YES;
				GCC_WARN_64_TO_32_BIT_CONVERSION = YES;
				GCC_WARN_ABOUT_RETURN_TYPE = YES_ERROR;
				GCC_WARN_UNDECLARED_SELECTOR = YES;
				GCC_WARN_UNINITIALIZED_AUTOS = YES_AGGRESSIVE;
				GCC_WARN_UNUSED_FUNCTION = YES;
				GCC_WARN_UNUSED_VARIABLE = YES;
				IPHONEOS_DEPLOYMENT_TARGET = 8.3;
				MTL_ENABLE_DEBUG_INFO = NO;
				SDKROOT = iphoneos;
				SWIFT_OPTIMIZATION_LEVEL = "-Owholemodule";
				TARGETED_DEVICE_FAMILY = "1,2";
				VALIDATE_PRODUCT = YES;
			};
			name = Release;
		};
		500EF1081BD0C9340042B11C /* Debug */ = {
			isa = XCBuildConfiguration;
			buildSettings = {
				ASSETCATALOG_COMPILER_APPICON_NAME = AppIcon;
				"CODE_SIGN_IDENTITY[sdk=iphoneos*]" = "iPhone Developer";
				DEVELOPMENT_TEAM = CPGTRG2F88;
				FRAMEWORK_SEARCH_PATHS = (
					"$(inherited)",
					"$(PROJECT_DIR)/Carthage/Build/iOS",
					"$(PROJECT_DIR)",
				);
				INFOPLIST_FILE = "$(SRCROOT)/eyerecTests/Info.plist";
				LD_RUNPATH_SEARCH_PATHS = "$(inherited) @executable_path/Frameworks";
				PRODUCT_BUNDLE_IDENTIFIER = com.gmail.ogataiki.stereogram;
				PRODUCT_NAME = "$(TARGET_NAME)";
				PROVISIONING_PROFILE = "";
				SWIFT_OBJC_BRIDGING_HEADER = "$(SRCROOT)/$(PROJECT)/ObjCBridge.h";
				SWIFT_VERSION = 3.0;
			};
			name = Debug;
		};
		500EF1091BD0C9340042B11C /* Release */ = {
			isa = XCBuildConfiguration;
			buildSettings = {
				ASSETCATALOG_COMPILER_APPICON_NAME = AppIcon;
				"CODE_SIGN_IDENTITY[sdk=iphoneos*]" = "iPhone Distribution";
				DEVELOPMENT_TEAM = CPGTRG2F88;
				FRAMEWORK_SEARCH_PATHS = (
					"$(inherited)",
					"$(PROJECT_DIR)/Carthage/Build/iOS",
					"$(PROJECT_DIR)",
				);
				INFOPLIST_FILE = "$(SRCROOT)/eyerecTests/Info.plist";
				LD_RUNPATH_SEARCH_PATHS = "$(inherited) @executable_path/Frameworks";
				PRODUCT_BUNDLE_IDENTIFIER = com.gmail.ogataiki.stereogram;
				PRODUCT_NAME = "$(TARGET_NAME)";
				PROVISIONING_PROFILE = "";
				SWIFT_OBJC_BRIDGING_HEADER = "$(SRCROOT)/$(PROJECT)/ObjCBridge.h";
				SWIFT_VERSION = 3.0;
			};
			name = Release;
		};
		500EF10B1BD0C9340042B11C /* Debug */ = {
			isa = XCBuildConfiguration;
			buildSettings = {
				BUNDLE_LOADER = "$(TEST_HOST)";
				FRAMEWORK_SEARCH_PATHS = (
					"$(SDKROOT)/Developer/Library/Frameworks",
					"$(inherited)",
				);
				GCC_PREPROCESSOR_DEFINITIONS = (
					"DEBUG=1",
					"$(inherited)",
				);
				INFOPLIST_FILE = eyerecTests/Info.plist;
				LD_RUNPATH_SEARCH_PATHS = "$(inherited) @executable_path/Frameworks @loader_path/Frameworks";
				PRODUCT_BUNDLE_IDENTIFIER = "com.ogataiki.$(PRODUCT_NAME:rfc1034identifier)";
				PRODUCT_NAME = "$(TARGET_NAME)";
				SWIFT_VERSION = 3.0;
				TEST_HOST = "$(BUILT_PRODUCTS_DIR)/eyerec.app/eyerec";
			};
			name = Debug;
		};
		500EF10C1BD0C9340042B11C /* Release */ = {
			isa = XCBuildConfiguration;
			buildSettings = {
				BUNDLE_LOADER = "$(TEST_HOST)";
				FRAMEWORK_SEARCH_PATHS = (
					"$(SDKROOT)/Developer/Library/Frameworks",
					"$(inherited)",
				);
				INFOPLIST_FILE = eyerecTests/Info.plist;
				LD_RUNPATH_SEARCH_PATHS = "$(inherited) @executable_path/Frameworks @loader_path/Frameworks";
				PRODUCT_BUNDLE_IDENTIFIER = "com.ogataiki.$(PRODUCT_NAME:rfc1034identifier)";
				PRODUCT_NAME = "$(TARGET_NAME)";
				SWIFT_VERSION = 3.0;
				TEST_HOST = "$(BUILT_PRODUCTS_DIR)/eyerec.app/eyerec";
			};
			name = Release;
		};
/* End XCBuildConfiguration section */

/* Begin XCConfigurationList section */
		500EF0E31BD0C9330042B11C /* Build configuration list for PBXProject "eyerec" */ = {
			isa = XCConfigurationList;
			buildConfigurations = (
				500EF1051BD0C9340042B11C /* Debug */,
				500EF1061BD0C9340042B11C /* Release */,
			);
			defaultConfigurationIsVisible = 0;
			defaultConfigurationName = Release;
		};
		500EF1071BD0C9340042B11C /* Build configuration list for PBXNativeTarget "eyerec" */ = {
			isa = XCConfigurationList;
			buildConfigurations = (
				500EF1081BD0C9340042B11C /* Debug */,
				500EF1091BD0C9340042B11C /* Release */,
			);
			defaultConfigurationIsVisible = 0;
			defaultConfigurationName = Release;
		};
		500EF10A1BD0C9340042B11C /* Build configuration list for PBXNativeTarget "eyerecTests" */ = {
			isa = XCConfigurationList;
			buildConfigurations = (
				500EF10B1BD0C9340042B11C /* Debug */,
				500EF10C1BD0C9340042B11C /* Release */,
			);
			defaultConfigurationIsVisible = 0;
			defaultConfigurationName = Release;
		};
/* End XCConfigurationList section */
	};
	rootObject = 500EF0E01BD0C9330042B11C /* Project object */;
}
